
Microsoft Visual Studio Solution File, Format Version 12.00
# Visual Studio Version 17
VisualStudioVersion = 17.3.32804.467
MinimumVisualStudioVersion = 10.0.40219.1
Project("{FAE04EC0-301F-11D3-BF4B-00C04F79EFBC}") = "PDC60_MOD04.Android", "PDC60_MOD04\PDC60_MOD04.Android\PDC60_MOD04.Android.csproj", "{BE7D9F93-E89C-40DD-A7C9-BF2BB71C768C}"
EndProject
Project("{FAE04EC0-301F-11D3-BF4B-00C04F79EFBC}") = "PDC60_MOD04.iOS", "PDC60_MOD04\PDC60_MOD04.iOS\PDC60_MOD04.iOS.csproj", "{9B07749D-6F33-4571-A69C-D4BB100EA548}"
EndProject
Project("{FAE04EC0-301F-11D3-BF4B-00C04F79EFBC}") = "PDC60_MOD04", "PDC60_MOD04\PDC60_MOD04\PDC60_MOD04.csproj", "{28C7FADB-CE1F-48B2-83A3-0D1E8B0C04BF}"
EndProject
Global
	GlobalSection(SolutionConfigurationPlatforms) = preSolution
		Debug|Any CPU = Debug|Any CPU
		Debug|iPhone = Debug|iPhone
		Debug|iPhoneSimulator = Debug|iPhoneSimulator
		Release|Any CPU = Release|Any CPU
		Release|iPhone = Release|iPhone
		Release|iPhoneSimulator = Release|iPhoneSimulator
	EndGlobalSection
	GlobalSection(ProjectConfigurationPlatforms) = postSolution
		{BE7D9F93-E89C-40DD-A7C9-BF2BB71C768C}.Debug|Any CPU.ActiveCfg = Debug|Any CPU
		{BE7D9F93-E89C-40DD-A7C9-BF2BB71C768C}.Debug|Any CPU.Build.0 = Debug|Any CPU
		{BE7D9F93-E89C-40DD-A7C9-BF2BB71C768C}.Debug|Any CPU.Deploy.0 = Debug|Any CPU
		{BE7D9F93-E89C-40DD-A7C9-BF2BB71C768C}.Debug|iPhone.ActiveCfg = Debug|Any CPU
		{BE7D9F93-E89C-40DD-A7C9-BF2BB71C768C}.Debug|iPhone.Build.0 = Debug|Any CPU
		{BE7D9F93-E89C-40DD-A7C9-BF2BB71C768C}.Debug|iPhone.Deploy.0 = Debug|Any CPU
		{BE7D9F93-E89C-40DD-A7C9-BF2BB71C768C}.Debug|iPhoneSimulator.ActiveCfg = Debug|Any CPU
		{BE7D9F93-E89C-40DD-A7C9-BF2BB71C768C}.Debug|iPhoneSimulator.Build.0 = Debug|Any CPU
		{BE7D9F93-E89C-40DD-A7C9-BF2BB71C768C}.Debug|iPhoneSimulator.Deploy.0 = Debug|Any CPU
		{BE7D9F93-E89C-40DD-A7C9-BF2BB71C768C}.Release|Any CPU.ActiveCfg = Release|Any CPU
		{BE7D9F93-E89C-40DD-A7C9-BF2BB71C768C}.Release|Any CPU.Build.0 = Release|Any CPU
		{BE7D9F93-E89C-40DD-A7C9-BF2BB71C768C}.Release|Any CPU.Deploy.0 = Release|Any CPU
		{BE7D9F93-E89C-40DD-A7C9-BF2BB71C768C}.Release|iPhone.ActiveCfg = Release|Any CPU
		{BE7D9F93-E89C-40DD-A7C9-BF2BB71C768C}.Release|iPhone.Build.0 = Release|Any CPU
		{BE7D9F93-E89C-40DD-A7C9-BF2BB71C768C}.Release|iPhone.Deploy.0 = Release|Any CPU
		{BE7D9F93-E89C-40DD-A7C9-BF2BB71C768C}.Release|iPhoneSimulator.ActiveCfg = Release|Any CPU
		{BE7D9F93-E89C-40DD-A7C9-BF2BB71C768C}.Release|iPhoneSimulator.Build.0 = Release|Any CPU
		{BE7D9F93-E89C-40DD-A7C9-BF2BB71C768C}.Release|iPhoneSimulator.Deploy.0 = Release|Any CPU
		{9B07749D-6F33-4571-A69C-D4BB100EA548}.Debug|Any CPU.ActiveCfg = Debug|iPhone
		{9B07749D-6F33-4571-A69C-D4BB100EA548}.Debug|Any CPU.Build.0 = Debug|iPhone
		{9B07749D-6F33-4571-A69C-D4BB100EA548}.Debug|Any CPU.Deploy.0 = Debug|iPhone
		{9B07749D-6F33-4571-A69C-D4BB100EA548}.Debug|iPhone.ActiveCfg = Debug|iPhone
		{9B07749D-6F33-4571-A69C-D4BB100EA548}.Debug|iPhone.Build.0 = Debug|iPhone
		{9B07749D-6F33-4571-A69C-D4BB100EA548}.Debug|iPhone.Deploy.0 = Debug|iPhone
		{9B07749D-6F33-4571-A69C-D4BB100EA548}.Debug|iPhoneSimulator.ActiveCfg = Debug|iPhoneSimulator
		{9B07749D-6F33-4571-A69C-D4BB100EA548}.Debug|iPhoneSimulator.Build.0 = Debug|iPhoneSimulator
		{9B07749D-6F33-4571-A69C-D4BB100EA548}.Debug|iPhoneSimulator.Deploy.0 = Debug|iPhoneSimulator
		{9B07749D-6F33-4571-A69C-D4BB100EA548}.Release|Any CPU.ActiveCfg = Release|iPhoneSimulator
		{9B07749D-6F33-4571-A69C-D4BB100EA548}.Release|Any CPU.Build.0 = Release|iPhoneSimulator
		{9B07749D-6F33-4571-A69C-D4BB100EA548}.Release|Any CPU.Deploy.0 = Release|iPhoneSimulator
		{9B07749D-6F33-4571-A69C-D4BB100EA548}.Release|iPhone.ActiveCfg = Release|iPhone
		{9B07749D-6F33-4571-A69C-D4BB100EA548}.Release|iPhone.Build.0 = Release|iPhone
		{9B07749D-6F33-4571-A69C-D4BB100EA548}.Release|iPhone.Deploy.0 = Release|iPhone
		{9B07749D-6F33-4571-A69C-D4BB100EA548}.Release|iPhoneSimulator.ActiveCfg = Release|iPhoneSimulator
		{9B07749D-6F33-4571-A69C-D4BB100EA548}.Release|iPhoneSimulator.Build.0 = Release|iPhoneSimulator
		{9B07749D-6F33-4571-A69C-D4BB100EA548}.Release|iPhoneSimulator.Deploy.0 = Release|iPhoneSimulator
		{28C7FADB-CE1F-48B2-83A3-0D1E8B0C04BF}.Debug|Any CPU.ActiveCfg = Debug|Any CPU
		{28C7FADB-CE1F-48B2-83A3-0D1E8B0C04BF}.Debug|Any CPU.Build.0 = Debug|Any CPU
		{28C7FADB-CE1F-48B2-83A3-0D1E8B0C04BF}.Debug|Any CPU.Deploy.0 = Debug|Any CPU
		{28C7FADB-CE1F-48B2-83A3-0D1E8B0C04BF}.Debug|iPhone.ActiveCfg = Debug|Any CPU
		{28C7FADB-CE1F-48B2-83A3-0D1E8B0C04BF}.Debug|iPhone.Build.0 = Debug|Any CPU
		{28C7FADB-CE1F-48B2-83A3-0D1E8B0C04BF}.Debug|iPhone.Deploy.0 = Debug|Any CPU
		{28C7FADB-CE1F-48B2-83A3-0D1E8B0C04BF}.Debug|iPhoneSimulator.ActiveCfg = Debug|Any CPU
		{28C7FADB-CE1F-48B2-83A3-0D1E8B0C04BF}.Debug|iPhoneSimulator.Build.0 = Debug|Any CPU
		{28C7FADB-CE1F-48B2-83A3-0D1E8B0C04BF}.Debug|iPhoneSimulator.Deploy.0 = Debug|Any CPU
		{28C7FADB-CE1F-48B2-83A3-0D1E8B0C04BF}.Release|Any CPU.ActiveCfg = Release|Any CPU
		{28C7FADB-CE1F-48B2-83A3-0D1E8B0C04BF}.Release|Any CPU.Build.0 = Release|Any CPU
		{28C7FADB-CE1F-48B2-83A3-0D1E8B0C04BF}.Release|Any CPU.Deploy.0 = Release|Any CPU
		{28C7FADB-CE1F-48B2-83A3-0D1E8B0C04BF}.Release|iPhone.ActiveCfg = Release|Any CPU
		{28C7FADB-CE1F-48B2-83A3-0D1E8B0C04BF}.Release|iPhone.Build.0 = Release|Any CPU
		{28C7FADB-CE1F-48B2-83A3-0D1E8B0C04BF}.Release|iPhone.Deploy.0 = Release|Any CPU
		{28C7FADB-CE1F-48B2-83A3-0D1E8B0C04BF}.Release|iPhoneSimulator.ActiveCfg = Release|Any CPU
		{28C7FADB-CE1F-48B2-83A3-0D1E8B0C04BF}.Release|iPhoneSimulator.Build.0 = Release|Any CPU
		{28C7FADB-CE1F-48B2-83A3-0D1E8B0C04BF}.Release|iPhoneSimulator.Deploy.0 = Release|Any CPU
	EndGlobalSection
	GlobalSection(SolutionProperties) = preSolution
		HideSolutionNode = FALSE
	EndGlobalSection
	GlobalSection(ExtensibilityGlobals) = postSolution
		SolutionGuid = {D29BED2A-467D-4C51-8518-7FF2DA24F867}
	EndGlobalSection
EndGlobal
